// !$*UTF8*$!
{
	archiveVersion = 1;
	classes = {
	};
	objectVersion = 46;
	objects = {

/* Begin PBXBuildFile section */
		58A086B315BA15070023A8A0 /* UIKit.framework in Frameworks */ = {isa = PBXBuildFile; fileRef = 58A086B215BA15070023A8A0 /* UIKit.framework */; };
		58A086B515BA15070023A8A0 /* Foundation.framework in Frameworks */ = {isa = PBXBuildFile; fileRef = 58A086B415BA15070023A8A0 /* Foundation.framework */; };
		58A086B715BA15070023A8A0 /* CoreGraphics.framework in Frameworks */ = {isa = PBXBuildFile; fileRef = 58A086B615BA15070023A8A0 /* CoreGraphics.framework */; };
		58A086B915BA15070023A8A0 /* CoreData.framework in Frameworks */ = {isa = PBXBuildFile; fileRef = 58A086B815BA15070023A8A0 /* CoreData.framework */; };
		58A086BF15BA15070023A8A0 /* InfoPlist.strings in Resources */ = {isa = PBXBuildFile; fileRef = 58A086BD15BA15070023A8A0 /* InfoPlist.strings */; };
		58A086C115BA15070023A8A0 /* main.m in Sources */ = {isa = PBXBuildFile; fileRef = 58A086C015BA15070023A8A0 /* main.m */; };
		58A086C515BA15070023A8A0 /* AppDelegate.m in Sources */ = {isa = PBXBuildFile; fileRef = 58A086C415BA15070023A8A0 /* AppDelegate.m */; };
		58A086C815BA15080023A8A0 /* EmbeddedYoutubeVideo.xcdatamodeld in Sources */ = {isa = PBXBuildFile; fileRef = 58A086C615BA15080023A8A0 /* EmbeddedYoutubeVideo.xcdatamodeld */; };
		58A086D015BA15080023A8A0 /* SenTestingKit.framework in Frameworks */ = {isa = PBXBuildFile; fileRef = 58A086CF15BA15080023A8A0 /* SenTestingKit.framework */; };
		58A086D115BA15080023A8A0 /* UIKit.framework in Frameworks */ = {isa = PBXBuildFile; fileRef = 58A086B215BA15070023A8A0 /* UIKit.framework */; };
		58A086D215BA15080023A8A0 /* Foundation.framework in Frameworks */ = {isa = PBXBuildFile; fileRef = 58A086B415BA15070023A8A0 /* Foundation.framework */; };
		58A086D315BA15080023A8A0 /* CoreData.framework in Frameworks */ = {isa = PBXBuildFile; fileRef = 58A086B815BA15070023A8A0 /* CoreData.framework */; };
		58A086DB15BA15080023A8A0 /* InfoPlist.strings in Resources */ = {isa = PBXBuildFile; fileRef = 58A086D915BA15080023A8A0 /* InfoPlist.strings */; };
		58A086DE15BA15080023A8A0 /* EmbeddedYoutubeVideoTests.m in Sources */ = {isa = PBXBuildFile; fileRef = 58A086DD15BA15080023A8A0 /* EmbeddedYoutubeVideoTests.m */; };
/* End PBXBuildFile section */

/* Begin PBXContainerItemProxy section */
		58A086D415BA15080023A8A0 /* PBXContainerItemProxy */ = {
			isa = PBXContainerItemProxy;
			containerPortal = 58A086A515BA15070023A8A0 /* Project object */;
			proxyType = 1;
			remoteGlobalIDString = 58A086AD15BA15070023A8A0;
			remoteInfo = EmbeddedYoutubeVideo;
		};
/* End PBXContainerItemProxy section */

/* Begin PBXFileReference section */
		58A086AE15BA15070023A8A0 /* EmbeddedYoutubeVideo.app */ = {isa = PBXFileReference; explicitFileType = wrapper.application; includeInIndex = 0; path = EmbeddedYoutubeVideo.app; sourceTree = BUILT_PRODUCTS_DIR; };
		58A086B215BA15070023A8A0 /* UIKit.framework */ = {isa = PBXFileReference; lastKnownFileType = wrapper.framework; name = UIKit.framework; path = System/Library/Frameworks/UIKit.framework; sourceTree = SDKROOT; };
		58A086B415BA15070023A8A0 /* Foundation.framework */ = {isa = PBXFileReference; lastKnownFileType = wrapper.framework; name = Foundation.framework; path = System/Library/Frameworks/Foundation.framework; sourceTree = SDKROOT; };
		58A086B615BA15070023A8A0 /* CoreGraphics.framework */ = {isa = PBXFileReference; lastKnownFileType = wrapper.framework; name = CoreGraphics.framework; path = System/Library/Frameworks/CoreGraphics.framework; sourceTree = SDKROOT; };
		58A086B815BA15070023A8A0 /* CoreData.framework */ = {isa = PBXFileReference; lastKnownFileType = wrapper.framework; name = CoreData.framework; path = System/Library/Frameworks/CoreData.framework; sourceTree = SDKROOT; };
		58A086BC15BA15070023A8A0 /* EmbeddedYoutubeVideo-Info.plist */ = {isa = PBXFileReference; path = "EmbeddedYoutubeVideo-Info.plist"; sourceTree = "<group>"; };
		58A086BE15BA15070023A8A0 /* en */ = {isa = PBXFileReference; lastKnownFileType = text.plist.strings; name = en; path = en.lproj/InfoPlist.strings; sourceTree = "<group>"; };
		58A086C015BA15070023A8A0 /* main.m */ = {isa = PBXFileReference; lastKnownFileType = sourcecode.c.objc; path = main.m; sourceTree = "<group>"; };
		58A086C215BA15070023A8A0 /* EmbeddedYoutubeVideo-Prefix.pch */ = {isa = PBXFileReference; path = "EmbeddedYoutubeVideo-Prefix.pch"; sourceTree = "<group>"; };
		58A086C315BA15070023A8A0 /* AppDelegate.h */ = {isa = PBXFileReference; path = AppDelegate.h; sourceTree = "<group>"; };
		58A086C415BA15070023A8A0 /* AppDelegate.m */ = {isa = PBXFileReference; lastKnownFileType = sourcecode.c.objc; path = AppDelegate.m; sourceTree = "<group>"; };
		58A086C715BA15080023A8A0 /* EmbeddedYoutubeVideo.xcdatamodel */ = {isa = PBXFileReference; lastKnownFileType = wrapper.xcdatamodel; path = EmbeddedYoutubeVideo.xcdatamodel; sourceTree = "<group>"; };
		58A086CE15BA15080023A8A0 /* EmbeddedYoutubeVideoTests.octest */ = {isa = PBXFileReference; explicitFileType = wrapper.cfbundle; includeInIndex = 0; path = EmbeddedYoutubeVideoTests.octest; sourceTree = BUILT_PRODUCTS_DIR; };
		58A086CF15BA15080023A8A0 /* SenTestingKit.framework */ = {isa = PBXFileReference; lastKnownFileType = wrapper.framework; name = SenTestingKit.framework; path = Library/Frameworks/SenTestingKit.framework; sourceTree = DEVELOPER_DIR; };
		58A086D815BA15080023A8A0 /* EmbeddedYoutubeVideoTests-Info.plist */ = {isa = PBXFileReference; path = "EmbeddedYoutubeVideoTests-Info.plist"; sourceTree = "<group>"; };
		58A086DA15BA15080023A8A0 /* en */ = {isa = PBXFileReference; lastKnownFileType = text.plist.strings; name = en; path = en.lproj/InfoPlist.strings; sourceTree = "<group>"; };
		58A086DC15BA15080023A8A0 /* EmbeddedYoutubeVideoTests.h */ = {isa = PBXFileReference; path = EmbeddedYoutubeVideoTests.h; sourceTree = "<group>"; };
		58A086DD15BA15080023A8A0 /* EmbeddedYoutubeVideoTests.m */ = {isa = PBXFileReference; lastKnownFileType = sourcecode.c.objc; path = EmbeddedYoutubeVideoTests.m; sourceTree = "<group>"; };
/* End PBXFileReference section */

/* Begin PBXFrameworksBuildPhase section */
		58A086AB15BA15070023A8A0 /* Frameworks */ = {
			isa = PBXFrameworksBuildPhase;
			buildActionMask = 2147483647;
			files = (
				58A086B315BA15070023A8A0 /* UIKit.framework in Frameworks */,
				58A086B515BA15070023A8A0 /* Foundation.framework in Frameworks */,
				58A086B715BA15070023A8A0 /* CoreGraphics.framework in Frameworks */,
				58A086B915BA15070023A8A0 /* CoreData.framework in Frameworks */,
			);
			runOnlyForDeploymentPostprocessing = 0;
		};
		58A086CA15BA15080023A8A0 /* Frameworks */ = {
			isa = PBXFrameworksBuildPhase;
			buildActionMask = 2147483647;
			files = (
				58A086D015BA15080023A8A0 /* SenTestingKit.framework in Frameworks */,
				58A086D115BA15080023A8A0 /* UIKit.framework in Frameworks */,
				58A086D215BA15080023A8A0 /* Foundation.framework in Frameworks */,
				58A086D315BA15080023A8A0 /* CoreData.framework in Frameworks */,
			);
			runOnlyForDeploymentPostprocessing = 0;
		};
/* End PBXFrameworksBuildPhase section */

/* Begin PBXGroup section */
		58A086A315BA15070023A8A0 = {
			isa = PBXGroup;
			children = (
				58A086BA15BA15070023A8A0 /* EmbeddedYoutubeVideo */,
				58A086D615BA15080023A8A0 /* EmbeddedYoutubeVideoTests */,
				58A086B115BA15070023A8A0 /* Frameworks */,
				58A086AF15BA15070023A8A0 /* Products */,
			);
			sourceTree = "<group>";
		};
		58A086AF15BA15070023A8A0 /* Products */ = {
			isa = PBXGroup;
			children = (
				58A086AE15BA15070023A8A0 /* EmbeddedYoutubeVideo.app */,
				58A086CE15BA15080023A8A0 /* EmbeddedYoutubeVideoTests.octest */,
			);
			name = Products;
			sourceTree = "<group>";
		};
		58A086B115BA15070023A8A0 /* Frameworks */ = {
			isa = PBXGroup;
			children = (
				58A086B215BA15070023A8A0 /* UIKit.framework */,
				58A086B415BA15070023A8A0 /* Foundation.framework */,
				58A086B615BA15070023A8A0 /* CoreGraphics.framework */,
				58A086B815BA15070023A8A0 /* CoreData.framework */,
				58A086CF15BA15080023A8A0 /* SenTestingKit.framework */,
			);
			name = Frameworks;
			sourceTree = "<group>";
		};
		58A086BA15BA15070023A8A0 /* EmbeddedYoutubeVideo */ = {
			isa = PBXGroup;
			children = (
				58A086C315BA15070023A8A0 /* AppDelegate.h */,
				58A086C415BA15070023A8A0 /* AppDelegate.m */,
				58A086C615BA15080023A8A0 /* EmbeddedYoutubeVideo.xcdatamodeld */,
				58A086BB15BA15070023A8A0 /* Supporting Files */,
			);
			path = EmbeddedYoutubeVideo;
			sourceTree = "<group>";
		};
		58A086BB15BA15070023A8A0 /* Supporting Files */ = {
			isa = PBXGroup;
			children = (
				58A086BC15BA15070023A8A0 /* EmbeddedYoutubeVideo-Info.plist */,
				58A086BD15BA15070023A8A0 /* InfoPlist.strings */,
				58A086C015BA15070023A8A0 /* main.m */,
				58A086C215BA15070023A8A0 /* EmbeddedYoutubeVideo-Prefix.pch */,
			);
			name = "Supporting Files";
			sourceTree = "<group>";
		};
		58A086D615BA15080023A8A0 /* EmbeddedYoutubeVideoTests */ = {
			isa = PBXGroup;
			children = (
				58A086DC15BA15080023A8A0 /* EmbeddedYoutubeVideoTests.h */,
				58A086DD15BA15080023A8A0 /* EmbeddedYoutubeVideoTests.m */,
				58A086D715BA15080023A8A0 /* Supporting Files */,
			);
			path = EmbeddedYoutubeVideoTests;
			sourceTree = "<group>";
		};
		58A086D715BA15080023A8A0 /* Supporting Files */ = {
			isa = PBXGroup;
			children = (
				58A086D815BA15080023A8A0 /* EmbeddedYoutubeVideoTests-Info.plist */,
				58A086D915BA15080023A8A0 /* InfoPlist.strings */,
			);
			name = "Supporting Files";
			sourceTree = "<group>";
		};
/* End PBXGroup section */

/* Begin PBXNativeTarget section */
		58A086AD15BA15070023A8A0 /* EmbeddedYoutubeVideo */ = {
			isa = PBXNativeTarget;
			buildConfigurationList = 58A086E115BA15080023A8A0 /* Build configuration list for PBXNativeTarget "EmbeddedYoutubeVideo" */;
			buildPhases = (
				58A086AA15BA15070023A8A0 /* Sources */,
				58A086AB15BA15070023A8A0 /* Frameworks */,
				58A086AC15BA15070023A8A0 /* Resources */,
			);
			buildRules = (
			);
			dependencies = (
			);
			name = EmbeddedYoutubeVideo;
			productName = EmbeddedYoutubeVideo;
			productReference = 58A086AE15BA15070023A8A0 /* EmbeddedYoutubeVideo.app */;
			productType = "com.apple.product-type.application";
		};
		58A086CD15BA15080023A8A0 /* EmbeddedYoutubeVideoTests */ = {
			isa = PBXNativeTarget;
			buildConfigurationList = 58A086E415BA15080023A8A0 /* Build configuration list for PBXNativeTarget "EmbeddedYoutubeVideoTests" */;
			buildPhases = (
				58A086C915BA15080023A8A0 /* Sources */,
				58A086CA15BA15080023A8A0 /* Frameworks */,
				58A086CB15BA15080023A8A0 /* Resources */,
				58A086CC15BA15080023A8A0 /* ShellScript */,
			);
			buildRules = (
			);
			dependencies = (
				58A086D515BA15080023A8A0 /* PBXTargetDependency */,
			);
			name = EmbeddedYoutubeVideoTests;
			productName = EmbeddedYoutubeVideoTests;
			productReference = 58A086CE15BA15080023A8A0 /* EmbeddedYoutubeVideoTests.octest */;
			productType = "com.apple.product-type.bundle";
		};
/* End PBXNativeTarget section */

/* Begin PBXProject section */
		58A086A515BA15070023A8A0 /* Project object */ = {
			isa = PBXProject;
			attributes = {
				LastUpgradeCheck = 0430;
				ORGANIZATIONNAME = USI;
			};
			buildConfigurationList = 58A086A815BA15070023A8A0 /* Build configuration list for PBXProject "EmbeddedYoutubeVideo" */;
			compatibilityVersion = "Xcode 3.2";
			developmentRegion = English;
			hasScannedForEncodings = 0;
			knownRegions = (
				en,
			);
			mainGroup = 58A086A315BA15070023A8A0;
			productRefGroup = 58A086AF15BA15070023A8A0 /* Products */;
			projectDirPath = "";
			projectRoot = "";
			targets = (
				58A086AD15BA15070023A8A0 /* EmbeddedYoutubeVideo */,
				58A086CD15BA15080023A8A0 /* EmbeddedYoutubeVideoTests */,
			);
		};
/* End PBXProject section */

/* Begin PBXResourcesBuildPhase section */
		58A086AC15BA15070023A8A0 /* Resources */ = {
			isa = PBXResourcesBuildPhase;
			buildActionMask = 2147483647;
			files = (
				58A086BF15BA15070023A8A0 /* InfoPlist.strings in Resources */,
			);
			runOnlyForDeploymentPostprocessing = 0;
		};
		58A086CB15BA15080023A8A0 /* Resources */ = {
			isa = PBXResourcesBuildPhase;
			buildActionMask = 2147483647;
			files = (
				58A086DB15BA15080023A8A0 /* InfoPlist.strings in Resources */,
			);
			runOnlyForDeploymentPostprocessing = 0;
		};
/* End PBXResourcesBuildPhase section */

/* Begin PBXShellScriptBuildPhase section */
		58A086CC15BA15080023A8A0 /* ShellScript */ = {
			isa = PBXShellScriptBuildPhase;
			buildActionMask = 2147483647;
			files = (
			);
			inputPaths = (
			);
			outputPaths = (
			);
			runOnlyForDeploymentPostprocessing = 0;
			shellPath = /bin/sh;
			shellScript = "# Run the unit tests in this test bundle.\n\"${SYSTEM_DEVELOPER_DIR}/Tools/RunUnitTests\"\n";
		};
/* End PBXShellScriptBuildPhase section */

/* Begin PBXSourcesBuildPhase section */
		58A086AA15BA15070023A8A0 /* Sources */ = {
			isa = PBXSourcesBuildPhase;
			buildActionMask = 2147483647;
			files = (
				58A086C115BA15070023A8A0 /* main.m in Sources */,
				58A086C515BA15070023A8A0 /* AppDelegate.m in Sources */,
				58A086C815BA15080023A8A0 /* EmbeddedYoutubeVideo.xcdatamodeld in Sources */,
			);
			runOnlyForDeploymentPostprocessing = 0;
		};
		58A086C915BA15080023A8A0 /* Sources */ = {
			isa = PBXSourcesBuildPhase;
			buildActionMask = 2147483647;
			files = (
				58A086DE15BA15080023A8A0 /* EmbeddedYoutubeVideoTests.m in Sources */,
			);
			runOnlyForDeploymentPostprocessing = 0;
		};
/* End PBXSourcesBuildPhase section */

/* Begin PBXTargetDependency section */
		58A086D515BA15080023A8A0 /* PBXTargetDependency */ = {
			isa = PBXTargetDependency;
			target = 58A086AD15BA15070023A8A0 /* EmbeddedYoutubeVideo */;
			targetProxy = 58A086D415BA15080023A8A0 /* PBXContainerItemProxy */;
		};
/* End PBXTargetDependency section */

/* Begin PBXVariantGroup section */
		58A086BD15BA15070023A8A0 /* InfoPlist.strings */ = {
			isa = PBXVariantGroup;
			children = (
				58A086BE15BA15070023A8A0 /* en */,
			);
			name = InfoPlist.strings;
			sourceTree = "<group>";
		};
		58A086D915BA15080023A8A0 /* InfoPlist.strings */ = {
			isa = PBXVariantGroup;
			children = (
				58A086DA15BA15080023A8A0 /* en */,
			);
			name = InfoPlist.strings;
			sourceTree = "<group>";
		};
/* End PBXVariantGroup section */

/* Begin XCBuildConfiguration section */
		58A086DF15BA15080023A8A0 /* Debug */ = {
			isa = XCBuildConfiguration;
			buildSettings = {
				ALWAYS_SEARCH_USER_PATHS = NO;
				ARCHS = "$(ARCHS_STANDARD_32_BIT)";
				CLANG_ENABLE_OBJC_ARC = YES;
				"CODE_SIGN_IDENTITY[sdk=iphoneos*]" = "iPhone Developer";
				COPY_PHASE_STRIP = NO;
				GCC_C_LANGUAGE_STANDARD = gnu99;
				GCC_DYNAMIC_NO_PIC = NO;
				GCC_OPTIMIZATION_LEVEL = 0;
				GCC_PREPROCESSOR_DEFINITIONS = (
					"DEBUG=1",
					"$(inherited)",
				);
				GCC_SYMBOLS_PRIVATE_EXTERN = NO;
				GCC_VERSION = com.apple.compilers.llvm.clang.1_0;
				GCC_WARN_ABOUT_RETURN_TYPE = YES;
				GCC_WARN_UNINITIALIZED_AUTOS = YES;
				GCC_WARN_UNUSED_VARIABLE = YES;
				IPHONEOS_DEPLOYMENT_TARGET = 5.1;
				SDKROOT = iphoneos;
				TARGETED_DEVICE_FAMILY = "1,2";
			};
			name = Debug;
		};
		58A086E015BA15080023A8A0 /* Release */ = {
			isa = XCBuildConfiguration;
			buildSettings = {
				ALWAYS_SEARCH_USER_PATHS = NO;
				ARCHS = "$(ARCHS_STANDARD_32_BIT)";
				CLANG_ENABLE_OBJC_ARC = YES;
				"CODE_SIGN_IDENTITY[sdk=iphoneos*]" = "iPhone Developer";
				COPY_PHASE_STRIP = YES;
				GCC_C_LANGUAGE_STANDARD = gnu99;
				GCC_VERSION = com.apple.compilers.llvm.clang.1_0;
				GCC_WARN_ABOUT_RETURN_TYPE = YES;
				GCC_WARN_UNINITIALIZED_AUTOS = YES;
				GCC_WARN_UNUSED_VARIABLE = YES;
				IPHONEOS_DEPLOYMENT_TARGET = 5.1;
				OTHER_CFLAGS = "-DNS_BLOCK_ASSERTIONS=1";
				SDKROOT = iphoneos;
				TARGETED_DEVICE_FAMILY = "1,2";
				VALIDATE_PRODUCT = YES;
			};
			name = Release;
		};
		58A086E215BA15080023A8A0 /* Debug */ = {
			isa = XCBuildConfiguration;
			buildSettings = {
				GCC_PRECOMPILE_PREFIX_HEADER = YES;
				GCC_PREFIX_HEADER = "EmbeddedYoutubeVideo/EmbeddedYoutubeVideo-Prefix.pch";
				INFOPLIST_FILE = "EmbeddedYoutubeVideo/EmbeddedYoutubeVideo-Info.plist";
				PRODUCT_NAME = "$(TARGET_NAME)";
				WRAPPER_EXTENSION = app;
			};
			name = Debug;
		};
		58A086E315BA15080023A8A0 /* Release */ = {
			isa = XCBuildConfiguration;
			buildSettings = {
				GCC_PRECOMPILE_PREFIX_HEADER = YES;
				GCC_PREFIX_HEADER = "EmbeddedYoutubeVideo/EmbeddedYoutubeVideo-Prefix.pch";
				INFOPLIST_FILE = "EmbeddedYoutubeVideo/EmbeddedYoutubeVideo-Info.plist";
				PRODUCT_NAME = "$(TARGET_NAME)";
				WRAPPER_EXTENSION = app;
			};
			name = Release;
		};
		58A086E515BA15080023A8A0 /* Debug */ = {
			isa = XCBuildConfiguration;
			buildSettings = {
				BUNDLE_LOADER = "$(BUILT_PRODUCTS_DIR)/EmbeddedYoutubeVideo.app/EmbeddedYoutubeVideo";
				FRAMEWORK_SEARCH_PATHS = (
					"$(SDKROOT)/Developer/Library/Frameworks",
					"$(DEVELOPER_LIBRARY_DIR)/Frameworks",
				);
				GCC_PRECOMPILE_PREFIX_HEADER = YES;
				GCC_PREFIX_HEADER = "EmbeddedYoutubeVideo/EmbeddedYoutubeVideo-Prefix.pch";
				INFOPLIST_FILE = "EmbeddedYoutubeVideoTests/EmbeddedYoutubeVideoTests-Info.plist";
				PRODUCT_NAME = "$(TARGET_NAME)";
				TEST_HOST = "$(BUNDLE_LOADER)";
				WRAPPER_EXTENSION = octest;
			};
			name = Debug;
		};
		58A086E615BA15080023A8A0 /* Release */ = {
			isa = XCBuildConfiguration;
			buildSettings = {
				BUNDLE_LOADER = "$(BUILT_PRODUCTS_DIR)/EmbeddedYoutubeVideo.app/EmbeddedYoutubeVideo";
				FRAMEWORK_SEARCH_PATHS = (
					"$(SDKROOT)/Developer/Library/Frameworks",
					"$(DEVELOPER_LIBRARY_DIR)/Frameworks",
				);
				GCC_PRECOMPILE_PREFIX_HEADER = YES;
				GCC_PREFIX_HEADER = "EmbeddedYoutubeVideo/EmbeddedYoutubeVideo-Prefix.pch";
				INFOPLIST_FILE = "EmbeddedYoutubeVideoTests/EmbeddedYoutubeVideoTests-Info.plist";
				PRODUCT_NAME = "$(TARGET_NAME)";
				TEST_HOST = "$(BUNDLE_LOADER)";
				WRAPPER_EXTENSION = octest;
			};
			name = Release;
		};
/* End XCBuildConfiguration section */

/* Begin XCConfigurationList section */
		58A086A815BA15070023A8A0 /* Build configuration list for PBXProject "EmbeddedYoutubeVideo" */ = {
			isa = XCConfigurationList;
			buildConfigurations = (
				58A086DF15BA15080023A8A0 /* Debug */,
				58A086E015BA15080023A8A0 /* Release */,
			);
			defaultConfigurationIsVisible = 0;
			defaultConfigurationName = Release;
		};
		58A086E115BA15080023A8A0 /* Build configuration list for PBXNativeTarget "EmbeddedYoutubeVideo" */ = {
			isa = XCConfigurationList;
			buildConfigurations = (
				58A086E215BA15080023A8A0 /* Debug */,
				58A086E315BA15080023A8A0 /* Release */,
			);
			defaultConfigurationIsVisible = 0;
		};
		58A086E415BA15080023A8A0 /* Build configuration list for PBXNativeTarget "EmbeddedYoutubeVideoTests" */ = {
			isa = XCConfigurationList;
			buildConfigurations = (
				58A086E515BA15080023A8A0 /* Debug */,
				58A086E615BA15080023A8A0 /* Release */,
			);
			defaultConfigurationIsVisible = 0;
		};
/* End XCConfigurationList section */

/* Begin XCVersionGroup section */
		58A086C615BA15080023A8A0 /* EmbeddedYoutubeVideo.xcdatamodeld */ = {
			isa = XCVersionGroup;
			children = (
				58A086C715BA15080023A8A0 /* EmbeddedYoutubeVideo.xcdatamodel */,
			);
			currentVersion = 58A086C715BA15080023A8A0 /* EmbeddedYoutubeVideo.xcdatamodel */;
			path = EmbeddedYoutubeVideo.xcdatamodeld;
			sourceTree = "<group>";
			versionGroupType = wrapper.xcdatamodel;
		};
/* End XCVersionGroup section */
	};
	rootObject = 58A086A515BA15070023A8A0 /* Project object */;
}
